{
  "version": 4,
  "terraform_version": "1.12.2",
  "serial": 10,
  "lineage": "dba77f40-e91a-7b42-54e6-b024a9883898",
  "outputs": {},
  "resources": [
    {
      "mode": "managed",
      "type": "local_file",
      "name": "f1",
      "provider": "provider[\"registry.terraform.io/hashicorp/local\"]",
      "instances": [
        {
          "schema_version": 0,
          "attributes": {
            "content": "45",
            "content_base64": null,
            "content_base64sha256": "gReGrRrnSt/dIN0Dcquq68YkbjQ669AdoL/EwCvwEGw=",
            "content_base64sha512": "CxSrooCV2VBXDKjPOmjzOk0sOxrsKl3Phd9FsOfPYVvD4dS4688+6Vyfe4zuchzv0S8ztaQNsUY0yWnXeQa6xA==",
            "content_md5": "6c8349cc7260ae62e3b1396831a8398f",
            "content_sha1": "fb644351560d8296fe6da332236b1f8d61b2828a",
            "content_sha256": "811786ad1ae74adfdd20dd0372abaaebc6246e343aebd01da0bfc4c02bf0106c",
            "content_sha512": "0b14aba28095d950570ca8cf3a68f33a4d2c3b1aec2a5dcf85df45b0e7cf615bc3e1d4b8ebcf3ee95c9f7b8cee721cefd12f33b5a40db14634c969d77906bac4",
            "directory_permission": "0777",
            "file_permission": "0777",
            "filename": "abc1.txt",
            "id": "fb644351560d8296fe6da332236b1f8d61b2828a",
            "sensitive_content": null,
            "source": null
          },
          "sensitive_attributes": [
            [
              {
                "type": "get_attr",
                "value": "sensitive_content"
              }
            ]
          ],
          "identity_schema_version": 0
        }
      ]
    },
    {
      "mode": "managed",
      "type": "local_file",
      "name": "f2",
      "provider": "provider[\"registry.terraform.io/hashicorp/local\"]",
      "instances": [
        {
          "schema_version": 0,
          "attributes": {
            "content": "45",
            "content_base64": null,
            "content_base64sha256": "gReGrRrnSt/dIN0Dcquq68YkbjQ669AdoL/EwCvwEGw=",
            "content_base64sha512": "CxSrooCV2VBXDKjPOmjzOk0sOxrsKl3Phd9FsOfPYVvD4dS4688+6Vyfe4zuchzv0S8ztaQNsUY0yWnXeQa6xA==",
            "content_md5": "6c8349cc7260ae62e3b1396831a8398f",
            "content_sha1": "fb644351560d8296fe6da332236b1f8d61b2828a",
            "content_sha256": "811786ad1ae74adfdd20dd0372abaaebc6246e343aebd01da0bfc4c02bf0106c",
            "content_sha512": "0b14aba28095d950570ca8cf3a68f33a4d2c3b1aec2a5dcf85df45b0e7cf615bc3e1d4b8ebcf3ee95c9f7b8cee721cefd12f33b5a40db14634c969d77906bac4",
            "directory_permission": "0777",
            "file_permission": "0777",
            "filename": "abc1.txt",
            "id": "fb644351560d8296fe6da332236b1f8d61b2828a",
            "sensitive_content": null,
            "source": null
          },
          "sensitive_attributes": [
            [
              {
                "type": "get_attr",
                "value": "sensitive_content"
              }
            ]
          ],
          "identity_schema_version": 0
        }
      ]
    },
    {
      "mode": "managed",
      "type": "local_file",
      "name": "f3",
      "provider": "provider[\"registry.terraform.io/hashicorp/local\"]",
      "instances": [
        {
          "schema_version": 0,
          "attributes": {
            "content": "45",
            "content_base64": null,
            "content_base64sha256": "gReGrRrnSt/dIN0Dcquq68YkbjQ669AdoL/EwCvwEGw=",
            "content_base64sha512": "CxSrooCV2VBXDKjPOmjzOk0sOxrsKl3Phd9FsOfPYVvD4dS4688+6Vyfe4zuchzv0S8ztaQNsUY0yWnXeQa6xA==",
            "content_md5": "6c8349cc7260ae62e3b1396831a8398f",
            "content_sha1": "fb644351560d8296fe6da332236b1f8d61b2828a",
            "content_sha256": "811786ad1ae74adfdd20dd0372abaaebc6246e343aebd01da0bfc4c02bf0106c",
            "content_sha512": "0b14aba28095d950570ca8cf3a68f33a4d2c3b1aec2a5dcf85df45b0e7cf615bc3e1d4b8ebcf3ee95c9f7b8cee721cefd12f33b5a40db14634c969d77906bac4",
            "directory_permission": "0777",
            "file_permission": "0777",
            "filename": "true",
            "id": "fb644351560d8296fe6da332236b1f8d61b2828a",
            "sensitive_content": null,
            "source": null
          },
          "sensitive_attributes": [
            [
              {
                "type": "get_attr",
                "value": "sensitive_content"
              }
            ]
          ],
          "identity_schema_version": 0
        }
      ]
    },
    {
      "mode": "managed",
      "type": "local_file",
      "name": "f4",
      "provider": "provider[\"registry.terraform.io/hashicorp/local\"]",
      "instances": [
        {
          "schema_version": 0,
          "attributes": {
            "content": "45",
            "content_base64": null,
            "content_base64sha256": "gReGrRrnSt/dIN0Dcquq68YkbjQ669AdoL/EwCvwEGw=",
            "content_base64sha512": "CxSrooCV2VBXDKjPOmjzOk0sOxrsKl3Phd9FsOfPYVvD4dS4688+6Vyfe4zuchzv0S8ztaQNsUY0yWnXeQa6xA==",
            "content_md5": "6c8349cc7260ae62e3b1396831a8398f",
            "content_sha1": "fb644351560d8296fe6da332236b1f8d61b2828a",
            "content_sha256": "811786ad1ae74adfdd20dd0372abaaebc6246e343aebd01da0bfc4c02bf0106c",
            "content_sha512": "0b14aba28095d950570ca8cf3a68f33a4d2c3b1aec2a5dcf85df45b0e7cf615bc3e1d4b8ebcf3ee95c9f7b8cee721cefd12f33b5a40db14634c969d77906bac4",
            "directory_permission": "0777",
            "file_permission": "0777",
            "filename": "54",
            "id": "fb644351560d8296fe6da332236b1f8d61b2828a",
            "sensitive_content": null,
            "source": null
          },
          "sensitive_attributes": [
            [
              {
                "type": "get_attr",
                "value": "sensitive_content"
              }
            ]
          ],
          "identity_schema_version": 0
        }
      ]
    },
    {
      "mode": "managed",
      "type": "local_file",
      "name": "f5",
      "provider": "provider[\"registry.terraform.io/hashicorp/local\"]",
      "instances": [
        {
          "schema_version": 0,
          "attributes": {
            "content": "45",
            "content_base64": null,
            "content_base64sha256": "gReGrRrnSt/dIN0Dcquq68YkbjQ669AdoL/EwCvwEGw=",
            "content_base64sha512": "CxSrooCV2VBXDKjPOmjzOk0sOxrsKl3Phd9FsOfPYVvD4dS4688+6Vyfe4zuchzv0S8ztaQNsUY0yWnXeQa6xA==",
            "content_md5": "6c8349cc7260ae62e3b1396831a8398f",
            "content_sha1": "fb644351560d8296fe6da332236b1f8d61b2828a",
            "content_sha256": "811786ad1ae74adfdd20dd0372abaaebc6246e343aebd01da0bfc4c02bf0106c",
            "content_sha512": "0b14aba28095d950570ca8cf3a68f33a4d2c3b1aec2a5dcf85df45b0e7cf615bc3e1d4b8ebcf3ee95c9f7b8cee721cefd12f33b5a40db14634c969d77906bac4",
            "directory_permission": "0777",
            "file_permission": "0777",
            "filename": "animal",
            "id": "fb644351560d8296fe6da332236b1f8d61b2828a",
            "sensitive_content": null,
            "source": null
          },
          "sensitive_attributes": [
            [
              {
                "type": "get_attr",
                "value": "sensitive_content"
              }
            ]
          ],
          "identity_schema_version": 0
        }
      ]
    },
    {
      "mode": "managed",
      "type": "local_file",
      "name": "f6",
      "provider": "provider[\"registry.terraform.io/hashicorp/local\"]",
      "instances": [
        {
          "schema_version": 0,
          "attributes": {
            "content": "45",
            "content_base64": null,
            "content_base64sha256": "gReGrRrnSt/dIN0Dcquq68YkbjQ669AdoL/EwCvwEGw=",
            "content_base64sha512": "CxSrooCV2VBXDKjPOmjzOk0sOxrsKl3Phd9FsOfPYVvD4dS4688+6Vyfe4zuchzv0S8ztaQNsUY0yWnXeQa6xA==",
            "content_md5": "6c8349cc7260ae62e3b1396831a8398f",
            "content_sha1": "fb644351560d8296fe6da332236b1f8d61b2828a",
            "content_sha256": "811786ad1ae74adfdd20dd0372abaaebc6246e343aebd01da0bfc4c02bf0106c",
            "content_sha512": "0b14aba28095d950570ca8cf3a68f33a4d2c3b1aec2a5dcf85df45b0e7cf615bc3e1d4b8ebcf3ee95c9f7b8cee721cefd12f33b5a40db14634c969d77906bac4",
            "directory_permission": "0777",
            "file_permission": "0777",
            "filename": "3",
            "id": "fb644351560d8296fe6da332236b1f8d61b2828a",
            "sensitive_content": null,
            "source": null
          },
          "sensitive_attributes": [
            [
              {
                "type": "get_attr",
                "value": "sensitive_content"
              }
            ]
          ],
          "identity_schema_version": 0
        }
      ]
    },
    {
      "mode": "managed",
      "type": "local_file",
      "name": "f7",
      "provider": "provider[\"registry.terraform.io/hashicorp/local\"]",
      "instances": [
        {
          "schema_version": 0,
          "attributes": {
            "content": "45",
            "content_base64": null,
            "content_base64sha256": "gReGrRrnSt/dIN0Dcquq68YkbjQ669AdoL/EwCvwEGw=",
            "content_base64sha512": "CxSrooCV2VBXDKjPOmjzOk0sOxrsKl3Phd9FsOfPYVvD4dS4688+6Vyfe4zuchzv0S8ztaQNsUY0yWnXeQa6xA==",
            "content_md5": "6c8349cc7260ae62e3b1396831a8398f",
            "content_sha1": "fb644351560d8296fe6da332236b1f8d61b2828a",
            "content_sha256": "811786ad1ae74adfdd20dd0372abaaebc6246e343aebd01da0bfc4c02bf0106c",
            "content_sha512": "0b14aba28095d950570ca8cf3a68f33a4d2c3b1aec2a5dcf85df45b0e7cf615bc3e1d4b8ebcf3ee95c9f7b8cee721cefd12f33b5a40db14634c969d77906bac4",
            "directory_permission": "0777",
            "file_permission": "0777",
            "filename": "raksha",
            "id": "fb644351560d8296fe6da332236b1f8d61b2828a",
            "sensitive_content": null,
            "source": null
          },
          "sensitive_attributes": [
            [
              {
                "type": "get_attr",
                "value": "sensitive_content"
              }
            ]
          ],
          "identity_schema_version": 0
        }
      ]
    },
    {
      "mode": "managed",
      "type": "local_file",
      "name": "f8",
      "provider": "provider[\"registry.terraform.io/hashicorp/local\"]",
      "instances": [
        {
          "schema_version": 0,
          "attributes": {
            "content": "45",
            "content_base64": null,
            "content_base64sha256": "gReGrRrnSt/dIN0Dcquq68YkbjQ669AdoL/EwCvwEGw=",
            "content_base64sha512": "CxSrooCV2VBXDKjPOmjzOk0sOxrsKl3Phd9FsOfPYVvD4dS4688+6Vyfe4zuchzv0S8ztaQNsUY0yWnXeQa6xA==",
            "content_md5": "6c8349cc7260ae62e3b1396831a8398f",
            "content_sha1": "fb644351560d8296fe6da332236b1f8d61b2828a",
            "content_sha256": "811786ad1ae74adfdd20dd0372abaaebc6246e343aebd01da0bfc4c02bf0106c",
            "content_sha512": "0b14aba28095d950570ca8cf3a68f33a4d2c3b1aec2a5dcf85df45b0e7cf615bc3e1d4b8ebcf3ee95c9f7b8cee721cefd12f33b5a40db14634c969d77906bac4",
            "directory_permission": "0777",
            "file_permission": "0777",
            "filename": "12345",
            "id": "fb644351560d8296fe6da332236b1f8d61b2828a",
            "sensitive_content": null,
            "source": null
          },
          "sensitive_attributes": [
            [
              {
                "type": "get_attr",
                "value": "sensitive_content"
              }
            ]
          ],
          "identity_schema_version": 0
        }
      ]
    }
  ],
  "check_results": null
}
